
Microsoft Visual Studio Solution File, Format Version 12.00
# Visual Studio Version 17
VisualStudioVersion = 17.0.31903.59
MinimumVisualStudioVersion = 10.0.40219.1
Project("{2150E333-8FDC-42A3-9474-1A3956D46DE8}") = "src", "src", "{827E0CD3-B72D-47B6-A68D-7590B98EB39B}"
EndProject
Project("{FAE04EC0-301F-11D3-BF4B-00C04F79EFBC}") = "AgentExperience.Abstractions", "src\AgentExperience.Abstractions\AgentExperience.Abstractions.csproj", "{F2ECA55A-B282-4EEB-8935-7F1E2956E2CD}"
EndProject
Project("{2150E333-8FDC-42A3-9474-1A3956D46DE8}") = "tests", "tests", "{0AB3BF05-4346-4AA6-1389-037BE0695223}"
EndProject
Project("{FAE04EC0-301F-11D3-BF4B-00C04F79EFBC}") = "AgentExperience.Abstractions.Tests", "tests\AgentExperience.Abstractions.Tests\AgentExperience.Abstractions.Tests.csproj", "{987819DA-80BB-49AE-9FCB-BFE6FEED2EAC}"
EndProject
Project("{FAE04EC0-301F-11D3-BF4B-00C04F79EFBC}") = "AgentExperience.CompatibilityProof", "tests\AgentExperience.CompatibilityProof\AgentExperience.CompatibilityProof.csproj", "{F256BD41-E5A2-47A7-88FB-9961B66CD989}"
EndProject
Global
	GlobalSection(SolutionConfigurationPlatforms) = preSolution
		Debug|Any CPU = Debug|Any CPU
		Debug|x64 = Debug|x64
		Debug|x86 = Debug|x86
		Release|Any CPU = Release|Any CPU
		Release|x64 = Release|x64
		Release|x86 = Release|x86
	EndGlobalSection
	GlobalSection(ProjectConfigurationPlatforms) = postSolution
		{F2ECA55A-B282-4EEB-8935-7F1E2956E2CD}.Debug|Any CPU.ActiveCfg = Debug|Any CPU
		{F2ECA55A-B282-4EEB-8935-7F1E2956E2CD}.Debug|Any CPU.Build.0 = Debug|Any CPU
		{F2ECA55A-B282-4EEB-8935-7F1E2956E2CD}.Debug|x64.ActiveCfg = Debug|Any CPU
		{F2ECA55A-B282-4EEB-8935-7F1E2956E2CD}.Debug|x64.Build.0 = Debug|Any CPU
		{F2ECA55A-B282-4EEB-8935-7F1E2956E2CD}.Debug|x86.ActiveCfg = Debug|Any CPU
		{F2ECA55A-B282-4EEB-8935-7F1E2956E2CD}.Debug|x86.Build.0 = Debug|Any CPU
		{F2ECA55A-B282-4EEB-8935-7F1E2956E2CD}.Release|Any CPU.ActiveCfg = Release|Any CPU
		{F2ECA55A-B282-4EEB-8935-7F1E2956E2CD}.Release|Any CPU.Build.0 = Release|Any CPU
		{F2ECA55A-B282-4EEB-8935-7F1E2956E2CD}.Release|x64.ActiveCfg = Release|Any CPU
		{F2ECA55A-B282-4EEB-8935-7F1E2956E2CD}.Release|x64.Build.0 = Release|Any CPU
		{F2ECA55A-B282-4EEB-8935-7F1E2956E2CD}.Release|x86.ActiveCfg = Release|Any CPU
		{F2ECA55A-B282-4EEB-8935-7F1E2956E2CD}.Release|x86.Build.0 = Release|Any CPU
		{987819DA-80BB-49AE-9FCB-BFE6FEED2EAC}.Debug|Any CPU.ActiveCfg = Debug|Any CPU
		{987819DA-80BB-49AE-9FCB-BFE6FEED2EAC}.Debug|Any CPU.Build.0 = Debug|Any CPU
		{987819DA-80BB-49AE-9FCB-BFE6FEED2EAC}.Debug|x64.ActiveCfg = Debug|Any CPU
		{987819DA-80BB-49AE-9FCB-BFE6FEED2EAC}.Debug|x64.Build.0 = Debug|Any CPU
		{987819DA-80BB-49AE-9FCB-BFE6FEED2EAC}.Debug|x86.ActiveCfg = Debug|Any CPU
		{987819DA-80BB-49AE-9FCB-BFE6FEED2EAC}.Debug|x86.Build.0 = Debug|Any CPU
		{987819DA-80BB-49AE-9FCB-BFE6FEED2EAC}.Release|Any CPU.ActiveCfg = Release|Any CPU
		{987819DA-80BB-49AE-9FCB-BFE6FEED2EAC}.Release|Any CPU.Build.0 = Release|Any CPU
		{987819DA-80BB-49AE-9FCB-BFE6FEED2EAC}.Release|x64.ActiveCfg = Release|Any CPU
		{987819DA-80BB-49AE-9FCB-BFE6FEED2EAC}.Release|x64.Build.0 = Release|Any CPU
		{987819DA-80BB-49AE-9FCB-BFE6FEED2EAC}.Release|x86.ActiveCfg = Release|Any CPU
		{987819DA-80BB-49AE-9FCB-BFE6FEED2EAC}.Release|x86.Build.0 = Release|Any CPU
		{F256BD41-E5A2-47A7-88FB-9961B66CD989}.Debug|Any CPU.ActiveCfg = Debug|Any CPU
		{F256BD41-E5A2-47A7-88FB-9961B66CD989}.Debug|Any CPU.Build.0 = Debug|Any CPU
		{F256BD41-E5A2-47A7-88FB-9961B66CD989}.Debug|x64.ActiveCfg = Debug|Any CPU
		{F256BD41-E5A2-47A7-88FB-9961B66CD989}.Debug|x64.Build.0 = Debug|Any CPU
		{F256BD41-E5A2-47A7-88FB-9961B66CD989}.Debug|x86.ActiveCfg = Debug|Any CPU
		{F256BD41-E5A2-47A7-88FB-9961B66CD989}.Debug|x86.Build.0 = Debug|Any CPU
		{F256BD41-E5A2-47A7-88FB-9961B66CD989}.Release|Any CPU.ActiveCfg = Release|Any CPU
		{F256BD41-E5A2-47A7-88FB-9961B66CD989}.Release|Any CPU.Build.0 = Release|Any CPU
		{F256BD41-E5A2-47A7-88FB-9961B66CD989}.Release|x64.ActiveCfg = Release|Any CPU
		{F256BD41-E5A2-47A7-88FB-9961B66CD989}.Release|x64.Build.0 = Release|Any CPU
		{F256BD41-E5A2-47A7-88FB-9961B66CD989}.Release|x86.ActiveCfg = Release|Any CPU
		{F256BD41-E5A2-47A7-88FB-9961B66CD989}.Release|x86.Build.0 = Release|Any CPU
	EndGlobalSection
	GlobalSection(SolutionProperties) = preSolution
		HideSolutionNode = FALSE
	EndGlobalSection
	GlobalSection(NestedProjects) = preSolution
		{F2ECA55A-B282-4EEB-8935-7F1E2956E2CD} = {827E0CD3-B72D-47B6-A68D-7590B98EB39B}
		{987819DA-80BB-49AE-9FCB-BFE6FEED2EAC} = {0AB3BF05-4346-4AA6-1389-037BE0695223}
		{F256BD41-E5A2-47A7-88FB-9961B66CD989} = {0AB3BF05-4346-4AA6-1389-037BE0695223}
	EndGlobalSection
EndGlobal
