{
  "version": 1,
  "dependencies": {
    "net10.0": {
      "AgentExperience.Abstractions": {
        "type": "Direct",
        "requested": "[0.1.0-preview.2, 0.1.0-preview.2]",
        "resolved": "0.1.0-preview.2",
        "contentHash": "qQySonF70dhkcFZeF3pD+VOs00aemFJQVXh38Ax+stu4gBtDwk4rFZJ4O+OClwHBru2J+iG8/Or2+SjdLOhgZw=="
      },
      "AgentExperience.Core": {
        "type": "Direct",
        "requested": "[0.1.0-preview.2, 0.1.0-preview.2]",
        "resolved": "0.1.0-preview.2",
        "contentHash": "sJ5ZegjZkAMgF6cFqGrBNweIRmbjWufzjK6s61b0tlR31NhWRqGAX8VSUK/4XO2IZOklZk5TW9NTsou15dmCbw==",
        "dependencies": {
          "AgentExperience.Abstractions": "0.1.0-preview.2",
          "Microsoft.Extensions.Compliance.Redaction": "10.10.0",
          "Microsoft.Extensions.DependencyInjection.Abstractions": "10.0.12"
        }
      },
      "AgentExperience.Storage.Postgres": {
        "type": "Direct",
        "requested": "[0.1.0-preview.2, 0.1.0-preview.2]",
        "resolved": "0.1.0-preview.2",
        "contentHash": "uWtBU1cx7x1C1ODdhk1N6IK7mFAmB6q652TksVk/wm0FSVxQFcWskBNitcpXRLGqSy/SEW9PCs+1PpbUfhisGA==",
        "dependencies": {
          "AgentExperience.Abstractions": "0.1.0-preview.2",
          "Microsoft.Extensions.DependencyInjection.Abstractions": "10.0.12",
          "Npgsql": "10.0.3",
          "dbup-core": "6.1.1",
          "dbup-postgresql": "7.0.1"
        }
      },
      "AgentExperience.Storage.Postgres.Vectors": {
        "type": "Direct",
        "requested": "[0.1.0-preview.2, 0.1.0-preview.2]",
        "resolved": "0.1.0-preview.2",
        "contentHash": "dtDqKeWK6cYam4Gcr5kNIUoVMAO/2wsy5ZA7C4NiR4lZucoZXnAGcOIM16HJfywgcqqlQnNGHzJqxPr3J1SLCg==",
        "dependencies": {
          "AgentExperience.Storage.Postgres": "0.1.0-preview.2",
          "Microsoft.Extensions.AI.Abstractions": "10.10.0",
          "Microsoft.Extensions.DependencyInjection.Abstractions": "10.0.12",
          "Npgsql": "10.0.3",
          "Pgvector": "0.3.2"
        }
      },
      "dbup-core": {
        "type": "Transitive",
        "resolved": "6.1.1",
        "contentHash": "kgpuyJVEFJHoIj/slnc994Go88aoeZqNDfGHDBr4sh7CsEWwJhOTCt/FJqO4ziUImL5L0NEY0kxxOiNgPKI2Fw==",
        "dependencies": {
          "Microsoft.Extensions.Logging.Abstractions": "8.0.0"
        }
      },
      "dbup-postgresql": {
        "type": "Transitive",
        "resolved": "7.0.1",
        "contentHash": "mRnmENWWPuuMZ538gOd1mZnzucx6FQk0anmw3EABjGfcbp24FDb9QdGepYrDiaM8K9s5/gd49+5cmBOlniH/lg==",
        "dependencies": {
          "Npgsql": "10.0.1",
          "dbup-core": "6.1.1"
        }
      },
      "Microsoft.Extensions.AI.Abstractions": {
        "type": "Transitive",
        "resolved": "10.10.0",
        "contentHash": "frBHj2ckpevA+KdDLikxv8oxGPrJiyTvaiblYp+vtVEt0q6J73XP5m2SICm86nFK6rl+L1GCKxIy4S5Lb3p2kQ=="
      },
      "Microsoft.Extensions.Compliance.Abstractions": {
        "type": "Transitive",
        "resolved": "10.10.0",
        "contentHash": "Sh3ujDRJpCMNY4x+43ljCROt4qBOoWfsL8l816RPYZS1S+Tw277r5002rbB15Sh6hFcCT8mGYBO7NtpfSYrQ0Q==",
        "dependencies": {
          "Microsoft.Extensions.DependencyInjection.Abstractions": "10.0.12",
          "Microsoft.Extensions.ObjectPool": "10.0.12"
        }
      },
      "Microsoft.Extensions.Compliance.Redaction": {
        "type": "Transitive",
        "resolved": "10.10.0",
        "contentHash": "RW0HuSIl5CH/SSLa31MIKc6LPmy3DjtJmf/5LjTTKMmwBeNex6ZnF1Q46vzklAPSQ2BDu/MHL/6G5CBoyWLQAA==",
        "dependencies": {
          "Microsoft.Extensions.Compliance.Abstractions": "10.10.0",
          "Microsoft.Extensions.Options.ConfigurationExtensions": "10.0.12"
        }
      },
      "Microsoft.Extensions.Configuration": {
        "type": "Transitive",
        "resolved": "10.0.12",
        "contentHash": "e3IPP32CRNL031VZJAUTlCTG0YN7WFh4mN3fsSHTDQCJB+3+f0jGycv4fXk3rrftaY3B85XrQaj7sRthrOsavg==",
        "dependencies": {
          "Microsoft.Extensions.Configuration.Abstractions": "10.0.12",
          "Microsoft.Extensions.Primitives": "10.0.12"
        }
      },
      "Microsoft.Extensions.Configuration.Abstractions": {
        "type": "Transitive",
        "resolved": "10.0.12",
        "contentHash": "8xaGcvS/qZ1otoxPQCEJkNva389CVL/plNcvIETZhQTETYdRkYDPEYhUMoAGONo4FU45ufdfE0j29AfWVVj0wA==",
        "dependencies": {
          "Microsoft.Extensions.Primitives": "10.0.12"
        }
      },
      "Microsoft.Extensions.Configuration.Binder": {
        "type": "Transitive",
        "resolved": "10.0.12",
        "contentHash": "dAgIf1TOr8KLs+aBRIbXUZBjHoSH4rDG8+XkX/Q6AZwkQdMA0+yPDKTHsieeXdZDfpOpZVHzOnuAb5Z2nX3KsA==",
        "dependencies": {
          "Microsoft.Extensions.Configuration": "10.0.12",
          "Microsoft.Extensions.Configuration.Abstractions": "10.0.12"
        }
      },
      "Microsoft.Extensions.DependencyInjection.Abstractions": {
        "type": "Transitive",
        "resolved": "10.0.12",
        "contentHash": "9/qymSh7hVDMGTGwrLz8MRp5zRyXy9adGDOs4HwRdnLil3oZGYuWeZjbmHgCQ9BL1qBroVfgUK3U/nb61617Cw=="
      },
      "Microsoft.Extensions.Logging.Abstractions": {
        "type": "Transitive",
        "resolved": "10.0.0",
        "contentHash": "FU/IfjDfwaMuKr414SSQNTIti/69bHEMb+QKrskRb26oVqpx3lNFXMjs/RC9ZUuhBhcwDM2BwOgoMw+PZ+beqQ==",
        "dependencies": {
          "Microsoft.Extensions.DependencyInjection.Abstractions": "10.0.0"
        }
      },
      "Microsoft.Extensions.ObjectPool": {
        "type": "Transitive",
        "resolved": "10.0.12",
        "contentHash": "opBULzn9F7ZOL8EoFuqM2QjI6x9AG04DFNdnU2ky/kI4aUzbiXEfuy9jvCuu3D/ieccuDHTlalyC62esPD8wGg=="
      },
      "Microsoft.Extensions.Options": {
        "type": "Transitive",
        "resolved": "10.0.12",
        "contentHash": "TDYD33TSRpXKZWlmTXNlj5kCihxatmv2Ec1u6C+bMYLphCS7PoSLE9Pjd/nunDoE7yETk+LLKjVJX78HYtWjpA==",
        "dependencies": {
          "Microsoft.Extensions.DependencyInjection.Abstractions": "10.0.12",
          "Microsoft.Extensions.Primitives": "10.0.12"
        }
      },
      "Microsoft.Extensions.Options.ConfigurationExtensions": {
        "type": "Transitive",
        "resolved": "10.0.12",
        "contentHash": "rqpu4qj5WE9x1IHGXSIgHBKi7IUlQaHyp4aXCYIanG2OghlUMFZpZTgExaXwcvmLAJHsxKQWMPpc7D2WIbCVtA==",
        "dependencies": {
          "Microsoft.Extensions.Configuration.Abstractions": "10.0.12",
          "Microsoft.Extensions.Configuration.Binder": "10.0.12",
          "Microsoft.Extensions.DependencyInjection.Abstractions": "10.0.12",
          "Microsoft.Extensions.Options": "10.0.12",
          "Microsoft.Extensions.Primitives": "10.0.12"
        }
      },
      "Microsoft.Extensions.Primitives": {
        "type": "Transitive",
        "resolved": "10.0.12",
        "contentHash": "dYfCLR52UA+3DL7C4I/pvSaRPkNqxrUAQmbFL2u0zvYKKzqgrFCJl08Df+F1aYc8leu9JvpC9bsURUdpExcBXQ=="
      },
      "Npgsql": {
        "type": "Transitive",
        "resolved": "10.0.3",
        "contentHash": "7nb5YzXuvWWJxB0J8DiyL3we+X4FOctZrt0fIBnucOIaIevFEEwGQVZKtiu9olXdlNAK1eNgqSral6r/jlhI4w==",
        "dependencies": {
          "Microsoft.Extensions.Logging.Abstractions": "10.0.0"
        }
      },
      "Pgvector": {
        "type": "Transitive",
        "resolved": "0.3.2",
        "contentHash": "n7M5LuNejHUmtWky3zCbNO+tP1Gnjiuv9Qtu4LyvB1602dD8RiBxxCQp9jEjM0ZFDxAZF1oOWkNIkXw46KT00Q==",
        "dependencies": {
          "Npgsql": "8.0.5"
        }
      }
    }
  }
}