{
  "version": 1,
  "dependencies": {
    "net10.0": {
      "CommunityToolkit.VectorData.PgVector": {
        "type": "Direct",
        "requested": "[1.0.1, )",
        "resolved": "1.0.1",
        "contentHash": "r7cBgRHjDdWURLW6Y1e4hmq7ukfJoCgm5LEWvkK9oMuqm+OCJSZ6ps0czSTI5CYwPoAKEOnfijZ+mgtHSLDg7A==",
        "dependencies": {
          "Microsoft.Extensions.AI.Abstractions": "10.8.3",
          "Microsoft.Extensions.DependencyInjection.Abstractions": "10.0.10",
          "Microsoft.Extensions.VectorData.Abstractions": "10.8.2",
          "Npgsql": "10.0.3",
          "Pgvector": "0.3.2"
        }
      },
      "Microsoft.Agents.AI": {
        "type": "Direct",
        "requested": "[1.22.0, 1.22.0]",
        "resolved": "1.22.0",
        "contentHash": "YdQJbL47n8PJmTGCD6DzapD2TQiCfI1f/669ECcHsKw1po3WhTq2lZoO3X7PJ6sZSGE/I2RReJ/hTGwtBZ7WTA==",
        "dependencies": {
          "Microsoft.Agents.AI.Abstractions": "1.22.0",
          "Microsoft.Extensions.AI": "10.10.0",
          "Microsoft.Extensions.AI.Abstractions": "10.10.0",
          "Microsoft.Extensions.AI.Evaluation": "10.10.0",
          "Microsoft.Extensions.Compliance.Abstractions": "10.10.0",
          "Microsoft.Extensions.DependencyInjection.Abstractions": "10.0.12",
          "Microsoft.Extensions.FileSystemGlobbing": "10.0.12",
          "Microsoft.Extensions.Logging.Abstractions": "10.0.12",
          "Microsoft.Extensions.VectorData.Abstractions": "10.10.0",
          "Microsoft.ML.Tokenizers": "2.0.0"
        }
      },
      "Microsoft.Extensions.AI.Evaluation": {
        "type": "Direct",
        "requested": "[10.10.0, )",
        "resolved": "10.10.0",
        "contentHash": "YXdqOSHl8X1/Vkmuu6QoV330FQ7aiYtNDqIUIiICSDd0HMx0No9D/ZWo0ocOPXd9bk00YQQfyK5HKcgRnRmQbQ==",
        "dependencies": {
          "Microsoft.Extensions.AI.Abstractions": "10.10.0"
        }
      },
      "Microsoft.Extensions.Compliance.Redaction": {
        "type": "Direct",
        "requested": "[10.10.0, 10.10.0]",
        "resolved": "10.10.0",
        "contentHash": "RW0HuSIl5CH/SSLa31MIKc6LPmy3DjtJmf/5LjTTKMmwBeNex6ZnF1Q46vzklAPSQ2BDu/MHL/6G5CBoyWLQAA==",
        "dependencies": {
          "Microsoft.Extensions.Compliance.Abstractions": "10.10.0",
          "Microsoft.Extensions.Options.ConfigurationExtensions": "10.0.12"
        }
      },
      "Microsoft.Extensions.VectorData.Abstractions": {
        "type": "Direct",
        "requested": "[10.10.0, )",
        "resolved": "10.10.0",
        "contentHash": "bZdR7QbdLLqmc9xPJIiD5U6H678xyv8eMATjQ0SmH7OZyi+/12G/nFAGCE6DNG22q76YNwkXo+V7GMyUckjjgw==",
        "dependencies": {
          "Microsoft.Extensions.AI.Abstractions": "10.10.0"
        }
      },
      "Microsoft.NET.Test.Sdk": {
        "type": "Direct",
        "requested": "[17.14.1, )",
        "resolved": "17.14.1",
        "contentHash": "HJKqKOE+vshXra2aEHpi2TlxYX7Z9VFYkr+E5rwEvHC8eIXiyO+K9kNm8vmNom3e2rA56WqxU+/N9NJlLGXsJQ==",
        "dependencies": {
          "Microsoft.CodeCoverage": "17.14.1",
          "Microsoft.TestPlatform.TestHost": "17.14.1"
        }
      },
      "Npgsql": {
        "type": "Direct",
        "requested": "[10.0.3, 10.0.3]",
        "resolved": "10.0.3",
        "contentHash": "7nb5YzXuvWWJxB0J8DiyL3we+X4FOctZrt0fIBnucOIaIevFEEwGQVZKtiu9olXdlNAK1eNgqSral6r/jlhI4w==",
        "dependencies": {
          "Microsoft.Extensions.Logging.Abstractions": "10.0.0"
        }
      },
      "Pgvector": {
        "type": "Direct",
        "requested": "[0.3.2, 0.3.2]",
        "resolved": "0.3.2",
        "contentHash": "n7M5LuNejHUmtWky3zCbNO+tP1Gnjiuv9Qtu4LyvB1602dD8RiBxxCQp9jEjM0ZFDxAZF1oOWkNIkXw46KT00Q==",
        "dependencies": {
          "Npgsql": "8.0.5"
        }
      },
      "Testcontainers.PostgreSql": {
        "type": "Direct",
        "requested": "[4.15.0, )",
        "resolved": "4.15.0",
        "contentHash": "45ZvqAzrh9BoI15Z4id7WEfhk1pVKqVeAX76aef8fR5ScglD75fSQtYuXhKFx4kIcgRL5aLKt3pRiqCVIgsL9g==",
        "dependencies": {
          "Testcontainers": "4.15.0"
        }
      },
      "xunit": {
        "type": "Direct",
        "requested": "[2.9.3, )",
        "resolved": "2.9.3",
        "contentHash": "TlXQBinK35LpOPKHAqbLY4xlEen9TBafjs0V5KnA4wZsoQLQJiirCR4CbIXvOH8NzkW4YeJKP5P/Bnrodm0h9Q==",
        "dependencies": {
          "xunit.analyzers": "1.18.0",
          "xunit.assert": "2.9.3",
          "xunit.core": "[2.9.3]"
        }
      },
      "xunit.runner.visualstudio": {
        "type": "Direct",
        "requested": "[3.1.4, )",
        "resolved": "3.1.4",
        "contentHash": "5mj99LvCqrq3CNi06xYdyIAXOEh+5b33F2nErCzI5zWiDdLHXiPXEWFSUAF8zlIv0ZWqjZNCwHTQeAPYbF3pCg=="
      },
      "BouncyCastle.Cryptography": {
        "type": "Transitive",
        "resolved": "2.7.0",
        "contentHash": "U+12df8UEWHgBi04YVf/Lgi2dy3SItlIYvHjjEVa/BngCQIzDCDRBk50DDByCfDvSbe5pRNFr3b7UrVK2kMcLw=="
      },
      "Docker.DotNet.Enhanced": {
        "type": "Transitive",
        "resolved": "4.3.3",
        "contentHash": "nGicLwvd42FhRk+khY5uS6cx49ErNdwYKnYBg0F4m4BDKLp/R77AVmmN9xAiqI3W/wN5ZCHkdUhgxf5ORkZuFQ==",
        "dependencies": {
          "Docker.DotNet.Enhanced.Handler.Abstractions": "4.3.3",
          "Docker.DotNet.Enhanced.LegacyHttp": "4.3.3",
          "Docker.DotNet.Enhanced.NPipe": "4.3.3",
          "Docker.DotNet.Enhanced.NativeHttp": "4.3.3",
          "Docker.DotNet.Enhanced.Unix": "4.3.3",
          "Microsoft.Extensions.Logging.Abstractions": "8.0.3"
        }
      },
      "Docker.DotNet.Enhanced.Handler.Abstractions": {
        "type": "Transitive",
        "resolved": "4.3.3",
        "contentHash": "9Cp8hOgtynixcDoAs9lnEaQosluojSYmiW3fsLsLIVfZjlq/fznSIZNUhnmyT4Xo1Iyuok/y49WL/25O47u0Pw==",
        "dependencies": {
          "Microsoft.Extensions.Logging.Abstractions": "8.0.3"
        }
      },
      "Docker.DotNet.Enhanced.LegacyHttp": {
        "type": "Transitive",
        "resolved": "4.3.3",
        "contentHash": "7j3M16emv9PAQN7VwFn23xLYNj8GJmwPOcogveHkaWnOCqiC+anRaNKQwqIBNApM1AuwZKivehTKTPmmrjUUnw==",
        "dependencies": {
          "Docker.DotNet.Enhanced.Handler.Abstractions": "4.3.3"
        }
      },
      "Docker.DotNet.Enhanced.NativeHttp": {
        "type": "Transitive",
        "resolved": "4.3.3",
        "contentHash": "iNzK+jRFeEMobSA7l/h4ARwCKOOefOWtVN5/RB0ft6/6H6IQXvVUuOgGyZAjYLBT7TsyClRYno2B904f3dtBuQ==",
        "dependencies": {
          "Docker.DotNet.Enhanced.Handler.Abstractions": "4.3.3"
        }
      },
      "Docker.DotNet.Enhanced.NPipe": {
        "type": "Transitive",
        "resolved": "4.3.3",
        "contentHash": "ZTLYufuEfY0e6qLOgeH9QgXx2KYuoABRVaY5A8rsggyLgYqbDj9rCRfVAhHPCUv83S7pVxDHy+Tvm/BnxjWVpg==",
        "dependencies": {
          "Docker.DotNet.Enhanced.Handler.Abstractions": "4.3.3"
        }
      },
      "Docker.DotNet.Enhanced.Unix": {
        "type": "Transitive",
        "resolved": "4.3.3",
        "contentHash": "ypo8qNbmvHw1t9VfpRTMogCw2vht6VjkXzlGYUUeP2H2bf83USURdla1maW1njn2oq2rfLUFOGMfmt+A37QU2w==",
        "dependencies": {
          "Docker.DotNet.Enhanced.Handler.Abstractions": "4.3.3"
        }
      },
      "Docker.DotNet.Enhanced.X509": {
        "type": "Transitive",
        "resolved": "4.3.3",
        "contentHash": "oBDibWezEv4hgj3RIQxI3DVcxkNV1MdrD0d/jhjUu+h3DL+qc0wlkQva15kkwMatXmC/hWp1VP0DMoFXe+BmEw==",
        "dependencies": {
          "Docker.DotNet.Enhanced.Handler.Abstractions": "4.3.3"
        }
      },
      "Google.Protobuf": {
        "type": "Transitive",
        "resolved": "3.30.2",
        "contentHash": "Y2aOVLIt75yeeEWigg9V9YnjsEm53sADtLGq0gLhwaXpk3iu8tYSoauolyhenagA2sWno2TQ2WujI0HQd6s1Vw=="
      },
      "Microsoft.Agents.AI.Abstractions": {
        "type": "Transitive",
        "resolved": "1.22.0",
        "contentHash": "ZgDJUP+wuo1k2rMXg7wtKGbx0A0zo/q0k2juoKQ2EIbdhH8gdSwwNjQ9Zew3u3UmBuRWgH/4EMsCQrc7vx2x1g==",
        "dependencies": {
          "Microsoft.Extensions.AI.Abstractions": "10.10.0"
        }
      },
      "Microsoft.CodeCoverage": {
        "type": "Transitive",
        "resolved": "17.14.1",
        "contentHash": "pmTrhfFIoplzFVbhVwUquT+77CbGH+h4/3mBpdmIlYtBi9nAB+kKI6dN3A/nV4DFi3wLLx/BlHIPK+MkbQ6Tpg=="
      },
      "Microsoft.Extensions.AI": {
        "type": "Transitive",
        "resolved": "10.10.0",
        "contentHash": "XKvtDUD3KySkvA5UpS+UF67M5rcqiXjAQchTZZ26WnavVKXxwlUTVdK/Ju0tc/25+16AVUdNl8cnVVGX/tx03A==",
        "dependencies": {
          "Microsoft.Extensions.AI.Abstractions": "10.10.0",
          "Microsoft.Extensions.Caching.Abstractions": "10.0.12",
          "Microsoft.Extensions.DependencyInjection.Abstractions": "10.0.12",
          "Microsoft.Extensions.Logging.Abstractions": "10.0.12",
          "System.Numerics.Tensors": "10.0.12"
        }
      },
      "Microsoft.Extensions.AI.Abstractions": {
        "type": "Transitive",
        "resolved": "10.10.0",
        "contentHash": "frBHj2ckpevA+KdDLikxv8oxGPrJiyTvaiblYp+vtVEt0q6J73XP5m2SICm86nFK6rl+L1GCKxIy4S5Lb3p2kQ=="
      },
      "Microsoft.Extensions.Caching.Abstractions": {
        "type": "Transitive",
        "resolved": "10.0.12",
        "contentHash": "sI3A6MUAyZwccLnwq0cXuRmC3WBtXieimBWafXSfhRJ4jnM2uGVXrqImDDVyW27u4vVaTOGlJxNJd8d1FGvCNQ==",
        "dependencies": {
          "Microsoft.Extensions.Primitives": "10.0.12"
        }
      },
      "Microsoft.Extensions.Compliance.Abstractions": {
        "type": "Transitive",
        "resolved": "10.10.0",
        "contentHash": "Sh3ujDRJpCMNY4x+43ljCROt4qBOoWfsL8l816RPYZS1S+Tw277r5002rbB15Sh6hFcCT8mGYBO7NtpfSYrQ0Q==",
        "dependencies": {
          "Microsoft.Extensions.DependencyInjection.Abstractions": "10.0.12",
          "Microsoft.Extensions.ObjectPool": "10.0.12"
        }
      },
      "Microsoft.Extensions.Configuration": {
        "type": "Transitive",
        "resolved": "10.0.12",
        "contentHash": "e3IPP32CRNL031VZJAUTlCTG0YN7WFh4mN3fsSHTDQCJB+3+f0jGycv4fXk3rrftaY3B85XrQaj7sRthrOsavg==",
        "dependencies": {
          "Microsoft.Extensions.Configuration.Abstractions": "10.0.12",
          "Microsoft.Extensions.Primitives": "10.0.12"
        }
      },
      "Microsoft.Extensions.Configuration.Abstractions": {
        "type": "Transitive",
        "resolved": "10.0.12",
        "contentHash": "8xaGcvS/qZ1otoxPQCEJkNva389CVL/plNcvIETZhQTETYdRkYDPEYhUMoAGONo4FU45ufdfE0j29AfWVVj0wA==",
        "dependencies": {
          "Microsoft.Extensions.Primitives": "10.0.12"
        }
      },
      "Microsoft.Extensions.Configuration.Binder": {
        "type": "Transitive",
        "resolved": "10.0.12",
        "contentHash": "dAgIf1TOr8KLs+aBRIbXUZBjHoSH4rDG8+XkX/Q6AZwkQdMA0+yPDKTHsieeXdZDfpOpZVHzOnuAb5Z2nX3KsA==",
        "dependencies": {
          "Microsoft.Extensions.Configuration": "10.0.12",
          "Microsoft.Extensions.Configuration.Abstractions": "10.0.12"
        }
      },
      "Microsoft.Extensions.DependencyInjection.Abstractions": {
        "type": "Transitive",
        "resolved": "10.0.12",
        "contentHash": "9/qymSh7hVDMGTGwrLz8MRp5zRyXy9adGDOs4HwRdnLil3oZGYuWeZjbmHgCQ9BL1qBroVfgUK3U/nb61617Cw=="
      },
      "Microsoft.Extensions.FileSystemGlobbing": {
        "type": "Transitive",
        "resolved": "10.0.12",
        "contentHash": "45cV+UeI0chPAIXrx9Wv7K4PJXuuIR2pnOur5MOAo6kOFclBHSLLDrvGAxMfWRMtUvpv/kQZkxlgaUN56jwzSQ=="
      },
      "Microsoft.Extensions.Logging.Abstractions": {
        "type": "Transitive",
        "resolved": "10.0.12",
        "contentHash": "+24lC4plfbEDNfLAdTV/SWKS7dW+16X4HdydO3R++134kSNTzcbYA4KpR1Hdh6uWisB8Za3AzwyOn+K+NxWIug==",
        "dependencies": {
          "Microsoft.Extensions.DependencyInjection.Abstractions": "10.0.12"
        }
      },
      "Microsoft.Extensions.ObjectPool": {
        "type": "Transitive",
        "resolved": "10.0.12",
        "contentHash": "opBULzn9F7ZOL8EoFuqM2QjI6x9AG04DFNdnU2ky/kI4aUzbiXEfuy9jvCuu3D/ieccuDHTlalyC62esPD8wGg=="
      },
      "Microsoft.Extensions.Options": {
        "type": "Transitive",
        "resolved": "10.0.12",
        "contentHash": "TDYD33TSRpXKZWlmTXNlj5kCihxatmv2Ec1u6C+bMYLphCS7PoSLE9Pjd/nunDoE7yETk+LLKjVJX78HYtWjpA==",
        "dependencies": {
          "Microsoft.Extensions.DependencyInjection.Abstractions": "10.0.12",
          "Microsoft.Extensions.Primitives": "10.0.12"
        }
      },
      "Microsoft.Extensions.Options.ConfigurationExtensions": {
        "type": "Transitive",
        "resolved": "10.0.12",
        "contentHash": "rqpu4qj5WE9x1IHGXSIgHBKi7IUlQaHyp4aXCYIanG2OghlUMFZpZTgExaXwcvmLAJHsxKQWMPpc7D2WIbCVtA==",
        "dependencies": {
          "Microsoft.Extensions.Configuration.Abstractions": "10.0.12",
          "Microsoft.Extensions.Configuration.Binder": "10.0.12",
          "Microsoft.Extensions.DependencyInjection.Abstractions": "10.0.12",
          "Microsoft.Extensions.Options": "10.0.12",
          "Microsoft.Extensions.Primitives": "10.0.12"
        }
      },
      "Microsoft.Extensions.Primitives": {
        "type": "Transitive",
        "resolved": "10.0.12",
        "contentHash": "dYfCLR52UA+3DL7C4I/pvSaRPkNqxrUAQmbFL2u0zvYKKzqgrFCJl08Df+F1aYc8leu9JvpC9bsURUdpExcBXQ=="
      },
      "Microsoft.ML.Tokenizers": {
        "type": "Transitive",
        "resolved": "2.0.0",
        "contentHash": "+b8lT4cLLO/sBR2hjvE/qG6qrZG15h7/PBvnIrzTh4xDaAxdHUY6449rC+1pHzQUsBiCHZVbj+VMn+xS0sL7TA==",
        "dependencies": {
          "Google.Protobuf": "3.30.2"
        }
      },
      "Microsoft.TestPlatform.ObjectModel": {
        "type": "Transitive",
        "resolved": "17.14.1",
        "contentHash": "xTP1W6Mi6SWmuxd3a+jj9G9UoC850WGwZUps1Wah9r1ZxgXhdJfj1QqDLJkFjHDCvN42qDL2Ps5KjQYWUU0zcQ=="
      },
      "Microsoft.TestPlatform.TestHost": {
        "type": "Transitive",
        "resolved": "17.14.1",
        "contentHash": "d78LPzGKkJwsJXAQwsbJJ7LE7D1wB+rAyhHHAaODF+RDSQ0NgMjDFkSA1Djw18VrxO76GlKAjRUhl+H8NL8Z+Q==",
        "dependencies": {
          "Microsoft.TestPlatform.ObjectModel": "17.14.1",
          "Newtonsoft.Json": "13.0.3"
        }
      },
      "Newtonsoft.Json": {
        "type": "Transitive",
        "resolved": "13.0.3",
        "contentHash": "HrC5BXdl00IP9zeV+0Z848QWPAoCr9P3bDEZguI+gkLcBKAOxix/tLEAAHC+UvDNPv4a2d18lOReHMOagPa+zQ=="
      },
      "SharpZipLib": {
        "type": "Transitive",
        "resolved": "1.4.2",
        "contentHash": "yjj+3zgz8zgXpiiC3ZdF/iyTBbz2fFvMxZFEBPUcwZjIvXOf37Ylm+K58hqMfIBt5JgU/Z2uoUS67JmTLe973A=="
      },
      "SSH.NET": {
        "type": "Transitive",
        "resolved": "2026.0.0",
        "contentHash": "Yu9dirPq8l3oaat0+OQ7K0nUf5MmYltpia5UGqsApTG4zTPvBC1cxbNnC3NERij26dUST0A3Ef1QdHSn5ArbWQ==",
        "dependencies": {
          "BouncyCastle.Cryptography": "2.7.0",
          "Microsoft.Extensions.Logging.Abstractions": "8.0.3"
        }
      },
      "System.Numerics.Tensors": {
        "type": "Transitive",
        "resolved": "10.0.12",
        "contentHash": "17brFrnQHV/XMMazXNqFq4GkvzWy8yzDPo5Gb8TT8zJtMFbUqDycOCyPCp9F+eMc4L75kcCKRZqaeBHMwLCL9Q=="
      },
      "Testcontainers": {
        "type": "Transitive",
        "resolved": "4.15.0",
        "contentHash": "8tCZKMm++C/9dHIr8lsE1iDBIBmthbo2XlGFDr4gorT1vgZrJwU36fNkCGuX7h7V39rpQoTK/aG+FhJz3jhY3A==",
        "dependencies": {
          "Docker.DotNet.Enhanced": "4.3.3",
          "Docker.DotNet.Enhanced.X509": "4.3.3",
          "Microsoft.Extensions.Logging.Abstractions": "8.0.3",
          "SSH.NET": "2026.0.0",
          "SharpZipLib": "1.4.2"
        }
      },
      "xunit.abstractions": {
        "type": "Transitive",
        "resolved": "2.0.3",
        "contentHash": "pot1I4YOxlWjIb5jmwvvQNbTrZ3lJQ+jUGkGjWE3hEFM0l5gOnBWS+H3qsex68s5cO52g+44vpGzhAt+42vwKg=="
      },
      "xunit.analyzers": {
        "type": "Transitive",
        "resolved": "1.18.0",
        "contentHash": "OtFMHN8yqIcYP9wcVIgJrq01AfTxijjAqVDy/WeQVSyrDC1RzBWeQPztL49DN2syXRah8TYnfvk035s7L95EZQ=="
      },
      "xunit.assert": {
        "type": "Transitive",
        "resolved": "2.9.3",
        "contentHash": "/Kq28fCE7MjOV42YLVRAJzRF0WmEqsmflm0cfpMjGtzQ2lR5mYVj1/i0Y8uDAOLczkL3/jArrwehfMD0YogMAA=="
      },
      "xunit.core": {
        "type": "Transitive",
        "resolved": "2.9.3",
        "contentHash": "BiAEvqGvyme19wE0wTKdADH+NloYqikiU0mcnmiNyXaF9HyHmE6sr/3DC5vnBkgsWaE6yPyWszKSPSApWdRVeQ==",
        "dependencies": {
          "xunit.extensibility.core": "[2.9.3]",
          "xunit.extensibility.execution": "[2.9.3]"
        }
      },
      "xunit.extensibility.core": {
        "type": "Transitive",
        "resolved": "2.9.3",
        "contentHash": "kf3si0YTn2a8J8eZNb+zFpwfoyvIrQ7ivNk5ZYA5yuYk1bEtMe4DxJ2CF/qsRgmEnDr7MnW1mxylBaHTZ4qErA==",
        "dependencies": {
          "xunit.abstractions": "2.0.3"
        }
      },
      "xunit.extensibility.execution": {
        "type": "Transitive",
        "resolved": "2.9.3",
        "contentHash": "yMb6vMESlSrE3Wfj7V6cjQ3S4TXdXpRqYeNEI3zsX31uTsGMJjEw6oD5F5u1cHnMptjhEECnmZSsPxB6ChZHDQ==",
        "dependencies": {
          "xunit.extensibility.core": "[2.9.3]"
        }
      }
    },
    "net9.0": {
      "CommunityToolkit.VectorData.PgVector": {
        "type": "Direct",
        "requested": "[1.0.1, )",
        "resolved": "1.0.1",
        "contentHash": "r7cBgRHjDdWURLW6Y1e4hmq7ukfJoCgm5LEWvkK9oMuqm+OCJSZ6ps0czSTI5CYwPoAKEOnfijZ+mgtHSLDg7A==",
        "dependencies": {
          "Microsoft.Extensions.AI.Abstractions": "10.8.3",
          "Microsoft.Extensions.DependencyInjection.Abstractions": "10.0.10",
          "Microsoft.Extensions.VectorData.Abstractions": "10.8.2",
          "Npgsql": "10.0.3",
          "Pgvector": "0.3.2"
        }
      },
      "Microsoft.Agents.AI": {
        "type": "Direct",
        "requested": "[1.22.0, 1.22.0]",
        "resolved": "1.22.0",
        "contentHash": "YdQJbL47n8PJmTGCD6DzapD2TQiCfI1f/669ECcHsKw1po3WhTq2lZoO3X7PJ6sZSGE/I2RReJ/hTGwtBZ7WTA==",
        "dependencies": {
          "Microsoft.Agents.AI.Abstractions": "1.22.0",
          "Microsoft.Extensions.AI": "10.10.0",
          "Microsoft.Extensions.AI.Abstractions": "10.10.0",
          "Microsoft.Extensions.AI.Evaluation": "10.10.0",
          "Microsoft.Extensions.Compliance.Abstractions": "10.10.0",
          "Microsoft.Extensions.DependencyInjection.Abstractions": "10.0.12",
          "Microsoft.Extensions.FileSystemGlobbing": "10.0.12",
          "Microsoft.Extensions.Logging.Abstractions": "10.0.12",
          "Microsoft.Extensions.VectorData.Abstractions": "10.10.0",
          "Microsoft.ML.Tokenizers": "2.0.0",
          "System.Diagnostics.DiagnosticSource": "10.0.12",
          "System.Text.Json": "10.0.12",
          "System.Threading.Channels": "10.0.12"
        }
      },
      "Microsoft.Extensions.AI.Evaluation": {
        "type": "Direct",
        "requested": "[10.10.0, )",
        "resolved": "10.10.0",
        "contentHash": "YXdqOSHl8X1/Vkmuu6QoV330FQ7aiYtNDqIUIiICSDd0HMx0No9D/ZWo0ocOPXd9bk00YQQfyK5HKcgRnRmQbQ==",
        "dependencies": {
          "Microsoft.Extensions.AI.Abstractions": "10.10.0"
        }
      },
      "Microsoft.Extensions.Compliance.Redaction": {
        "type": "Direct",
        "requested": "[10.10.0, 10.10.0]",
        "resolved": "10.10.0",
        "contentHash": "RW0HuSIl5CH/SSLa31MIKc6LPmy3DjtJmf/5LjTTKMmwBeNex6ZnF1Q46vzklAPSQ2BDu/MHL/6G5CBoyWLQAA==",
        "dependencies": {
          "Microsoft.Extensions.Compliance.Abstractions": "10.10.0",
          "Microsoft.Extensions.Options.ConfigurationExtensions": "9.0.20"
        }
      },
      "Microsoft.Extensions.VectorData.Abstractions": {
        "type": "Direct",
        "requested": "[10.10.0, )",
        "resolved": "10.10.0",
        "contentHash": "bZdR7QbdLLqmc9xPJIiD5U6H678xyv8eMATjQ0SmH7OZyi+/12G/nFAGCE6DNG22q76YNwkXo+V7GMyUckjjgw==",
        "dependencies": {
          "Microsoft.Extensions.AI.Abstractions": "10.10.0"
        }
      },
      "Microsoft.NET.Test.Sdk": {
        "type": "Direct",
        "requested": "[17.14.1, )",
        "resolved": "17.14.1",
        "contentHash": "HJKqKOE+vshXra2aEHpi2TlxYX7Z9VFYkr+E5rwEvHC8eIXiyO+K9kNm8vmNom3e2rA56WqxU+/N9NJlLGXsJQ==",
        "dependencies": {
          "Microsoft.CodeCoverage": "17.14.1",
          "Microsoft.TestPlatform.TestHost": "17.14.1"
        }
      },
      "Npgsql": {
        "type": "Direct",
        "requested": "[10.0.3, 10.0.3]",
        "resolved": "10.0.3",
        "contentHash": "7nb5YzXuvWWJxB0J8DiyL3we+X4FOctZrt0fIBnucOIaIevFEEwGQVZKtiu9olXdlNAK1eNgqSral6r/jlhI4w==",
        "dependencies": {
          "Microsoft.Extensions.Logging.Abstractions": "9.0.0"
        }
      },
      "Pgvector": {
        "type": "Direct",
        "requested": "[0.3.2, 0.3.2]",
        "resolved": "0.3.2",
        "contentHash": "n7M5LuNejHUmtWky3zCbNO+tP1Gnjiuv9Qtu4LyvB1602dD8RiBxxCQp9jEjM0ZFDxAZF1oOWkNIkXw46KT00Q==",
        "dependencies": {
          "Npgsql": "8.0.5"
        }
      },
      "Testcontainers.PostgreSql": {
        "type": "Direct",
        "requested": "[4.15.0, )",
        "resolved": "4.15.0",
        "contentHash": "45ZvqAzrh9BoI15Z4id7WEfhk1pVKqVeAX76aef8fR5ScglD75fSQtYuXhKFx4kIcgRL5aLKt3pRiqCVIgsL9g==",
        "dependencies": {
          "Testcontainers": "4.15.0"
        }
      },
      "xunit": {
        "type": "Direct",
        "requested": "[2.9.3, )",
        "resolved": "2.9.3",
        "contentHash": "TlXQBinK35LpOPKHAqbLY4xlEen9TBafjs0V5KnA4wZsoQLQJiirCR4CbIXvOH8NzkW4YeJKP5P/Bnrodm0h9Q==",
        "dependencies": {
          "xunit.analyzers": "1.18.0",
          "xunit.assert": "2.9.3",
          "xunit.core": "[2.9.3]"
        }
      },
      "xunit.runner.visualstudio": {
        "type": "Direct",
        "requested": "[3.1.4, )",
        "resolved": "3.1.4",
        "contentHash": "5mj99LvCqrq3CNi06xYdyIAXOEh+5b33F2nErCzI5zWiDdLHXiPXEWFSUAF8zlIv0ZWqjZNCwHTQeAPYbF3pCg=="
      },
      "BouncyCastle.Cryptography": {
        "type": "Transitive",
        "resolved": "2.7.0",
        "contentHash": "U+12df8UEWHgBi04YVf/Lgi2dy3SItlIYvHjjEVa/BngCQIzDCDRBk50DDByCfDvSbe5pRNFr3b7UrVK2kMcLw=="
      },
      "Docker.DotNet.Enhanced": {
        "type": "Transitive",
        "resolved": "4.3.3",
        "contentHash": "nGicLwvd42FhRk+khY5uS6cx49ErNdwYKnYBg0F4m4BDKLp/R77AVmmN9xAiqI3W/wN5ZCHkdUhgxf5ORkZuFQ==",
        "dependencies": {
          "Docker.DotNet.Enhanced.Handler.Abstractions": "4.3.3",
          "Docker.DotNet.Enhanced.LegacyHttp": "4.3.3",
          "Docker.DotNet.Enhanced.NPipe": "4.3.3",
          "Docker.DotNet.Enhanced.NativeHttp": "4.3.3",
          "Docker.DotNet.Enhanced.Unix": "4.3.3",
          "Microsoft.Extensions.Logging.Abstractions": "8.0.3"
        }
      },
      "Docker.DotNet.Enhanced.Handler.Abstractions": {
        "type": "Transitive",
        "resolved": "4.3.3",
        "contentHash": "9Cp8hOgtynixcDoAs9lnEaQosluojSYmiW3fsLsLIVfZjlq/fznSIZNUhnmyT4Xo1Iyuok/y49WL/25O47u0Pw==",
        "dependencies": {
          "Microsoft.Extensions.Logging.Abstractions": "8.0.3"
        }
      },
      "Docker.DotNet.Enhanced.LegacyHttp": {
        "type": "Transitive",
        "resolved": "4.3.3",
        "contentHash": "7j3M16emv9PAQN7VwFn23xLYNj8GJmwPOcogveHkaWnOCqiC+anRaNKQwqIBNApM1AuwZKivehTKTPmmrjUUnw==",
        "dependencies": {
          "Docker.DotNet.Enhanced.Handler.Abstractions": "4.3.3"
        }
      },
      "Docker.DotNet.Enhanced.NativeHttp": {
        "type": "Transitive",
        "resolved": "4.3.3",
        "contentHash": "iNzK+jRFeEMobSA7l/h4ARwCKOOefOWtVN5/RB0ft6/6H6IQXvVUuOgGyZAjYLBT7TsyClRYno2B904f3dtBuQ==",
        "dependencies": {
          "Docker.DotNet.Enhanced.Handler.Abstractions": "4.3.3"
        }
      },
      "Docker.DotNet.Enhanced.NPipe": {
        "type": "Transitive",
        "resolved": "4.3.3",
        "contentHash": "ZTLYufuEfY0e6qLOgeH9QgXx2KYuoABRVaY5A8rsggyLgYqbDj9rCRfVAhHPCUv83S7pVxDHy+Tvm/BnxjWVpg==",
        "dependencies": {
          "Docker.DotNet.Enhanced.Handler.Abstractions": "4.3.3"
        }
      },
      "Docker.DotNet.Enhanced.Unix": {
        "type": "Transitive",
        "resolved": "4.3.3",
        "contentHash": "ypo8qNbmvHw1t9VfpRTMogCw2vht6VjkXzlGYUUeP2H2bf83USURdla1maW1njn2oq2rfLUFOGMfmt+A37QU2w==",
        "dependencies": {
          "Docker.DotNet.Enhanced.Handler.Abstractions": "4.3.3"
        }
      },
      "Docker.DotNet.Enhanced.X509": {
        "type": "Transitive",
        "resolved": "4.3.3",
        "contentHash": "oBDibWezEv4hgj3RIQxI3DVcxkNV1MdrD0d/jhjUu+h3DL+qc0wlkQva15kkwMatXmC/hWp1VP0DMoFXe+BmEw==",
        "dependencies": {
          "Docker.DotNet.Enhanced.Handler.Abstractions": "4.3.3"
        }
      },
      "Google.Protobuf": {
        "type": "Transitive",
        "resolved": "3.30.2",
        "contentHash": "Y2aOVLIt75yeeEWigg9V9YnjsEm53sADtLGq0gLhwaXpk3iu8tYSoauolyhenagA2sWno2TQ2WujI0HQd6s1Vw=="
      },
      "Microsoft.Agents.AI.Abstractions": {
        "type": "Transitive",
        "resolved": "1.22.0",
        "contentHash": "ZgDJUP+wuo1k2rMXg7wtKGbx0A0zo/q0k2juoKQ2EIbdhH8gdSwwNjQ9Zew3u3UmBuRWgH/4EMsCQrc7vx2x1g==",
        "dependencies": {
          "Microsoft.Extensions.AI.Abstractions": "10.10.0",
          "System.Text.Json": "10.0.12"
        }
      },
      "Microsoft.CodeCoverage": {
        "type": "Transitive",
        "resolved": "17.14.1",
        "contentHash": "pmTrhfFIoplzFVbhVwUquT+77CbGH+h4/3mBpdmIlYtBi9nAB+kKI6dN3A/nV4DFi3wLLx/BlHIPK+MkbQ6Tpg=="
      },
      "Microsoft.Extensions.AI": {
        "type": "Transitive",
        "resolved": "10.10.0",
        "contentHash": "XKvtDUD3KySkvA5UpS+UF67M5rcqiXjAQchTZZ26WnavVKXxwlUTVdK/Ju0tc/25+16AVUdNl8cnVVGX/tx03A==",
        "dependencies": {
          "Microsoft.Extensions.AI.Abstractions": "10.10.0",
          "Microsoft.Extensions.Caching.Abstractions": "10.0.12",
          "Microsoft.Extensions.DependencyInjection.Abstractions": "10.0.12",
          "Microsoft.Extensions.Logging.Abstractions": "10.0.12",
          "System.Diagnostics.DiagnosticSource": "10.0.12",
          "System.Numerics.Tensors": "10.0.12",
          "System.Text.Json": "10.0.12",
          "System.Threading.Channels": "10.0.12"
        }
      },
      "Microsoft.Extensions.AI.Abstractions": {
        "type": "Transitive",
        "resolved": "10.10.0",
        "contentHash": "frBHj2ckpevA+KdDLikxv8oxGPrJiyTvaiblYp+vtVEt0q6J73XP5m2SICm86nFK6rl+L1GCKxIy4S5Lb3p2kQ==",
        "dependencies": {
          "System.Text.Json": "10.0.12"
        }
      },
      "Microsoft.Extensions.Caching.Abstractions": {
        "type": "Transitive",
        "resolved": "10.0.12",
        "contentHash": "sI3A6MUAyZwccLnwq0cXuRmC3WBtXieimBWafXSfhRJ4jnM2uGVXrqImDDVyW27u4vVaTOGlJxNJd8d1FGvCNQ==",
        "dependencies": {
          "Microsoft.Extensions.Primitives": "10.0.12"
        }
      },
      "Microsoft.Extensions.Compliance.Abstractions": {
        "type": "Transitive",
        "resolved": "10.10.0",
        "contentHash": "Sh3ujDRJpCMNY4x+43ljCROt4qBOoWfsL8l816RPYZS1S+Tw277r5002rbB15Sh6hFcCT8mGYBO7NtpfSYrQ0Q==",
        "dependencies": {
          "Microsoft.Extensions.DependencyInjection.Abstractions": "9.0.20",
          "Microsoft.Extensions.ObjectPool": "9.0.20"
        }
      },
      "Microsoft.Extensions.Configuration.Abstractions": {
        "type": "Transitive",
        "resolved": "9.0.20",
        "contentHash": "wNR2jEXCTwMKXKi/iWvi3PfRaxtU2j3VmzYHsbVhllQTKRpr1HmHewdwkLhlYk/VatbqDmprW1+tN2O/BA5OKA==",
        "dependencies": {
          "Microsoft.Extensions.Primitives": "9.0.20"
        }
      },
      "Microsoft.Extensions.Configuration.Binder": {
        "type": "Transitive",
        "resolved": "9.0.20",
        "contentHash": "tDzDtqZeuDHsJETHjrT7uirC7hAdcmOC/Q9zhfqV7Ta9Jqc9NfvYSuDA0cM5yaSDyIvOTobfL18+aR8lQfbQxA==",
        "dependencies": {
          "Microsoft.Extensions.Configuration.Abstractions": "9.0.20"
        }
      },
      "Microsoft.Extensions.DependencyInjection.Abstractions": {
        "type": "Transitive",
        "resolved": "10.0.12",
        "contentHash": "9/qymSh7hVDMGTGwrLz8MRp5zRyXy9adGDOs4HwRdnLil3oZGYuWeZjbmHgCQ9BL1qBroVfgUK3U/nb61617Cw=="
      },
      "Microsoft.Extensions.FileSystemGlobbing": {
        "type": "Transitive",
        "resolved": "10.0.12",
        "contentHash": "45cV+UeI0chPAIXrx9Wv7K4PJXuuIR2pnOur5MOAo6kOFclBHSLLDrvGAxMfWRMtUvpv/kQZkxlgaUN56jwzSQ=="
      },
      "Microsoft.Extensions.Logging.Abstractions": {
        "type": "Transitive",
        "resolved": "10.0.12",
        "contentHash": "+24lC4plfbEDNfLAdTV/SWKS7dW+16X4HdydO3R++134kSNTzcbYA4KpR1Hdh6uWisB8Za3AzwyOn+K+NxWIug==",
        "dependencies": {
          "Microsoft.Extensions.DependencyInjection.Abstractions": "10.0.12",
          "System.Diagnostics.DiagnosticSource": "10.0.12"
        }
      },
      "Microsoft.Extensions.ObjectPool": {
        "type": "Transitive",
        "resolved": "9.0.20",
        "contentHash": "8dPxVuBjAaLO748vMyy0sm0YXHyAPXtLuto1pA270AJcwvvilrmXVFDdVLClpbxZmsBRjnUqZIfitzvFxuqdIw=="
      },
      "Microsoft.Extensions.Options": {
        "type": "Transitive",
        "resolved": "9.0.20",
        "contentHash": "dX5P4j3++0g0iSlV+NhhPuCI/2moNbWvYEb8ZWlO84GEX1fbEg+hygNlHtw7SKHWaTe176ZrmvFsfhIMjB+AUQ==",
        "dependencies": {
          "Microsoft.Extensions.DependencyInjection.Abstractions": "9.0.20",
          "Microsoft.Extensions.Primitives": "9.0.20"
        }
      },
      "Microsoft.Extensions.Options.ConfigurationExtensions": {
        "type": "Transitive",
        "resolved": "9.0.20",
        "contentHash": "NucrCkZ/qOU3Nft6264b2WtaAjVEhOexwC9z02yIIbryvpWqg7Fv+Motr5Mk0UVvF9wD7lGRMD8xFyy1W25QTA==",
        "dependencies": {
          "Microsoft.Extensions.Configuration.Abstractions": "9.0.20",
          "Microsoft.Extensions.Configuration.Binder": "9.0.20",
          "Microsoft.Extensions.DependencyInjection.Abstractions": "9.0.20",
          "Microsoft.Extensions.Options": "9.0.20",
          "Microsoft.Extensions.Primitives": "9.0.20"
        }
      },
      "Microsoft.Extensions.Primitives": {
        "type": "Transitive",
        "resolved": "10.0.12",
        "contentHash": "dYfCLR52UA+3DL7C4I/pvSaRPkNqxrUAQmbFL2u0zvYKKzqgrFCJl08Df+F1aYc8leu9JvpC9bsURUdpExcBXQ=="
      },
      "Microsoft.ML.Tokenizers": {
        "type": "Transitive",
        "resolved": "2.0.0",
        "contentHash": "+b8lT4cLLO/sBR2hjvE/qG6qrZG15h7/PBvnIrzTh4xDaAxdHUY6449rC+1pHzQUsBiCHZVbj+VMn+xS0sL7TA==",
        "dependencies": {
          "Google.Protobuf": "3.30.2"
        }
      },
      "Microsoft.TestPlatform.ObjectModel": {
        "type": "Transitive",
        "resolved": "17.14.1",
        "contentHash": "xTP1W6Mi6SWmuxd3a+jj9G9UoC850WGwZUps1Wah9r1ZxgXhdJfj1QqDLJkFjHDCvN42qDL2Ps5KjQYWUU0zcQ=="
      },
      "Microsoft.TestPlatform.TestHost": {
        "type": "Transitive",
        "resolved": "17.14.1",
        "contentHash": "d78LPzGKkJwsJXAQwsbJJ7LE7D1wB+rAyhHHAaODF+RDSQ0NgMjDFkSA1Djw18VrxO76GlKAjRUhl+H8NL8Z+Q==",
        "dependencies": {
          "Microsoft.TestPlatform.ObjectModel": "17.14.1",
          "Newtonsoft.Json": "13.0.3"
        }
      },
      "Newtonsoft.Json": {
        "type": "Transitive",
        "resolved": "13.0.3",
        "contentHash": "HrC5BXdl00IP9zeV+0Z848QWPAoCr9P3bDEZguI+gkLcBKAOxix/tLEAAHC+UvDNPv4a2d18lOReHMOagPa+zQ=="
      },
      "SharpZipLib": {
        "type": "Transitive",
        "resolved": "1.4.2",
        "contentHash": "yjj+3zgz8zgXpiiC3ZdF/iyTBbz2fFvMxZFEBPUcwZjIvXOf37Ylm+K58hqMfIBt5JgU/Z2uoUS67JmTLe973A=="
      },
      "SSH.NET": {
        "type": "Transitive",
        "resolved": "2026.0.0",
        "contentHash": "Yu9dirPq8l3oaat0+OQ7K0nUf5MmYltpia5UGqsApTG4zTPvBC1cxbNnC3NERij26dUST0A3Ef1QdHSn5ArbWQ==",
        "dependencies": {
          "BouncyCastle.Cryptography": "2.7.0",
          "Microsoft.Extensions.Logging.Abstractions": "8.0.3"
        }
      },
      "System.Diagnostics.DiagnosticSource": {
        "type": "Transitive",
        "resolved": "10.0.12",
        "contentHash": "CRZTWYO0rzEcJN/6SuN1kMvQOJT7vyHZ64CCkQs0RRWTj7kH2KMkaMalbsbSI/eg5dS5JAQfQFFuuWgn+XRMsQ=="
      },
      "System.IO.Pipelines": {
        "type": "Transitive",
        "resolved": "10.0.12",
        "contentHash": "5e8M112rzbW5xKNXKipNFoTgM330QS6S6+UA6CaDyr/KDrow8bzfvOPFA4S05QC3n/m096oj+pfttvme6I0YyA=="
      },
      "System.Numerics.Tensors": {
        "type": "Transitive",
        "resolved": "10.0.12",
        "contentHash": "17brFrnQHV/XMMazXNqFq4GkvzWy8yzDPo5Gb8TT8zJtMFbUqDycOCyPCp9F+eMc4L75kcCKRZqaeBHMwLCL9Q=="
      },
      "System.Text.Encodings.Web": {
        "type": "Transitive",
        "resolved": "10.0.12",
        "contentHash": "5wdXVVbJ5TH6YdKJYM0CHvQOY6SiCCeQ3KyLRx9daWag0cT9g4FT5CGN2qCNWbHZkqaCOEPRiA0uCBARB5Vk7w=="
      },
      "System.Text.Json": {
        "type": "Transitive",
        "resolved": "10.0.12",
        "contentHash": "AHlVpUiY96eC6Oar1Gf0YbafU7E2NUU9D80O2Xk5v7ryL3kpSsbI0EusJBE8kQfwPuDdUDoKUItArzXQHxomCg==",
        "dependencies": {
          "System.IO.Pipelines": "10.0.12",
          "System.Text.Encodings.Web": "10.0.12"
        }
      },
      "System.Threading.Channels": {
        "type": "Transitive",
        "resolved": "10.0.12",
        "contentHash": "/iUnzLpSBUUnnIHj/jSjhyEqhgm2eo/D2SF1Ga9ojuMqsua+QwKqByukl0UA9/Rth+P0sVJhXZojzgpV0A5Kdw=="
      },
      "Testcontainers": {
        "type": "Transitive",
        "resolved": "4.15.0",
        "contentHash": "8tCZKMm++C/9dHIr8lsE1iDBIBmthbo2XlGFDr4gorT1vgZrJwU36fNkCGuX7h7V39rpQoTK/aG+FhJz3jhY3A==",
        "dependencies": {
          "Docker.DotNet.Enhanced": "4.3.3",
          "Docker.DotNet.Enhanced.X509": "4.3.3",
          "Microsoft.Extensions.Logging.Abstractions": "8.0.3",
          "SSH.NET": "2026.0.0",
          "SharpZipLib": "1.4.2"
        }
      },
      "xunit.abstractions": {
        "type": "Transitive",
        "resolved": "2.0.3",
        "contentHash": "pot1I4YOxlWjIb5jmwvvQNbTrZ3lJQ+jUGkGjWE3hEFM0l5gOnBWS+H3qsex68s5cO52g+44vpGzhAt+42vwKg=="
      },
      "xunit.analyzers": {
        "type": "Transitive",
        "resolved": "1.18.0",
        "contentHash": "OtFMHN8yqIcYP9wcVIgJrq01AfTxijjAqVDy/WeQVSyrDC1RzBWeQPztL49DN2syXRah8TYnfvk035s7L95EZQ=="
      },
      "xunit.assert": {
        "type": "Transitive",
        "resolved": "2.9.3",
        "contentHash": "/Kq28fCE7MjOV42YLVRAJzRF0WmEqsmflm0cfpMjGtzQ2lR5mYVj1/i0Y8uDAOLczkL3/jArrwehfMD0YogMAA=="
      },
      "xunit.core": {
        "type": "Transitive",
        "resolved": "2.9.3",
        "contentHash": "BiAEvqGvyme19wE0wTKdADH+NloYqikiU0mcnmiNyXaF9HyHmE6sr/3DC5vnBkgsWaE6yPyWszKSPSApWdRVeQ==",
        "dependencies": {
          "xunit.extensibility.core": "[2.9.3]",
          "xunit.extensibility.execution": "[2.9.3]"
        }
      },
      "xunit.extensibility.core": {
        "type": "Transitive",
        "resolved": "2.9.3",
        "contentHash": "kf3si0YTn2a8J8eZNb+zFpwfoyvIrQ7ivNk5ZYA5yuYk1bEtMe4DxJ2CF/qsRgmEnDr7MnW1mxylBaHTZ4qErA==",
        "dependencies": {
          "xunit.abstractions": "2.0.3"
        }
      },
      "xunit.extensibility.execution": {
        "type": "Transitive",
        "resolved": "2.9.3",
        "contentHash": "yMb6vMESlSrE3Wfj7V6cjQ3S4TXdXpRqYeNEI3zsX31uTsGMJjEw6oD5F5u1cHnMptjhEECnmZSsPxB6ChZHDQ==",
        "dependencies": {
          "xunit.extensibility.core": "[2.9.3]"
        }
      }
    }
  }
}